# THIS IS AN AUTOGENERATED FILE. DO NOT EDIT THIS FILE DIRECTLY.
# yarn lockfile v1


electron-positioner@^4.1.0:
  version "4.1.0"
  resolved "https://registry.yarnpkg.com/electron-positioner/-/electron-positioner-4.1.0.tgz#e158f8f6aabd6725a8a9b4f2279b9504bcbea1b0"
  integrity sha512-726DfbI9ZNoCg+Fcu6XLuTKTnzf+6nFqv7h+K/V6Ug7IbaPMI7s9S8URnGtWFCy5N5PL4HSzRFF2mXuinftDdg==

menubar@^9.2.3:
  version "9.2.3"
  resolved "https://registry.yarnpkg.com/menubar/-/menubar-9.2.3.tgz#263e94f01446ed399f9d060b9dbe525e91b27325"
  integrity sha512-d+HKGlQ9lKcTWWiSQIeSlxL/puZ2Nu9IPhFVdh3D4kXB4ep4OSufUHrJ65rWrCnvpXcrjZad2U9Nov2M1WTxog==
  dependencies:
    electron-positioner "^4.1.0"
